
Microsoft Visual Studio Solution File, Format Version 12.00
# Visual Studio 15
VisualStudioVersion = 15.0.27703.2042
MinimumVisualStudioVersion = 10.0.40219.1
Project("{FAE04EC0-301F-11D3-BF4B-00C04F79EFBC}") = "ExtractX", "ExtractX\ExtractX.csproj", "{4C256347-7031-48C5-B863-060482AB1A3A}"
EndProject
Global
	GlobalSection(SolutionConfigurationPlatforms) = preSolution
		Debug|Any CPU = Debug|Any CPU
		Release|Any CPU = Release|Any CPU
	EndGlobalSection
	GlobalSection(ProjectConfigurationPlatforms) = postSolution
		{4C256347-7031-48C5-B863-060482AB1A3A}.Debug|Any CPU.ActiveCfg = Debug|Any CPU
		{4C256347-7031-48C5-B863-060482AB1A3A}.Debug|Any CPU.Build.0 = Debug|Any CPU
		{4C256347-7031-48C5-B863-060482AB1A3A}.Release|Any CPU.ActiveCfg = Release|Any CPU
		{4C256347-7031-48C5-B863-060482AB1A3A}.Release|Any CPU.Build.0 = Release|Any CPU
	EndGlobalSection
	GlobalSection(SolutionProperties) = preSolution
		HideSolutionNode = FALSE
	EndGlobalSection
	GlobalSection(ExtensibilityGlobals) = postSolution
		SolutionGuid = {4628CFA9-9CE9-4799-9956-8572BE6849CA}
	EndGlobalSection
EndGlobal
